// !$*UTF8*$!
{
	archiveVersion = 1;
	classes = {
	};
	objectVersion = 46;
	objects = {

/* Begin PBXBuildFile section */
		8A02875B19ACDFFF00829188 /* Tennessee.jpg in Resources */ = {isa = PBXBuildFile; fileRef = 8A02875A19ACDFFF00829188 /* Tennessee.jpg */; };
		8A02875D19ACE13200829188 /* Texas.jpg in Resources */ = {isa = PBXBuildFile; fileRef = 8A02875C19ACE13200829188 /* Texas.jpg */; };
		8A02875F19ACE48000829188 /* Connecticut.jpg in Resources */ = {isa = PBXBuildFile; fileRef = 8A02875E19ACE48000829188 /* Connecticut.jpg */; };
		8A02876119ACE4E600829188 /* Mississippi.jpg in Resources */ = {isa = PBXBuildFile; fileRef = 8A02876019ACE4E600829188 /* Mississippi.jpg */; };
		8A02876319ACF91700829188 /* Minnesota.jpg in Resources */ = {isa = PBXBuildFile; fileRef = 8A02876219ACF91700829188 /* Minnesota.jpg */; };
		8A02876519ACFA2E00829188 /* Wyoming.jpg in Resources */ = {isa = PBXBuildFile; fileRef = 8A02876419ACFA2E00829188 /* Wyoming.jpg */; };
		8A02876719ACFB0700829188 /* Rhode Island.jpg in Resources */ = {isa = PBXBuildFile; fileRef = 8A02876619ACFB0700829188 /* Rhode Island.jpg */; };
		8A02876919ACFBF900829188 /* Connecticut.jpg in Resources */ = {isa = PBXBuildFile; fileRef = 8A02876819ACFBF900829188 /* Connecticut.jpg */; };
		8A02876B19ACFD3400829188 /* Delaware.jpg in Resources */ = {isa = PBXBuildFile; fileRef = 8A02876A19ACFD3400829188 /* Delaware.jpg */; };
		8A02876D19ACFDD300829188 /* Virginia.jpg in Resources */ = {isa = PBXBuildFile; fileRef = 8A02876C19ACFDD300829188 /* Virginia.jpg */; };
		8A02876F19AD021700829188 /* Washington.jpg in Resources */ = {isa = PBXBuildFile; fileRef = 8A02876E19AD021700829188 /* Washington.jpg */; };
		8A02877119AD043200829188 /* New Hampshire.jpg in Resources */ = {isa = PBXBuildFile; fileRef = 8A02877019AD043200829188 /* New Hampshire.jpg */; };
		8A02877319AD05CC00829188 /* Vermont.jpg in Resources */ = {isa = PBXBuildFile; fileRef = 8A02877219AD05CC00829188 /* Vermont.jpg */; };
		8A02877519AD068700829188 /* West Virginia.jpg in Resources */ = {isa = PBXBuildFile; fileRef = 8A02877419AD068700829188 /* West Virginia.jpg */; };
		8A02877719AD07AF00829188 /* Iowa.jpg in Resources */ = {isa = PBXBuildFile; fileRef = 8A02877619AD07AF00829188 /* Iowa.jpg */; };
		8A2218ED19B3A6A100CD8118 /* stately.ttf in Resources */ = {isa = PBXBuildFile; fileRef = 8A2218E919B3A6A000CD8118 /* stately.ttf */; };
		8A2218EE19B3A6A100CD8118 /* USStatesColorMap.m in Sources */ = {isa = PBXBuildFile; fileRef = 8A2218EB19B3A6A000CD8118 /* USStatesColorMap.m */; };
		8A2218F219B404E500CD8118 /* KLCPopup.m in Sources */ = {isa = PBXBuildFile; fileRef = 8A2218F119B404E500CD8118 /* KLCPopup.m */; };
		8A2410BA19AD0D7700A172C4 /* Maryland.jpg in Resources */ = {isa = PBXBuildFile; fileRef = 8A2410B919AD0D7700A172C4 /* Maryland.jpg */; };
		8A2D004C19B61ADE0035177C /* ScorePopUp.m in Sources */ = {isa = PBXBuildFile; fileRef = 8A2D004B19B61ADE0035177C /* ScorePopUp.m */; };
		8A2D005019B6225C0035177C /* ScorePopUp.xib in Resources */ = {isa = PBXBuildFile; fileRef = 8A2D004F19B6225C0035177C /* ScorePopUp.xib */; };
		8A354B16199E4AF900A30CE0 /* learn.png in Resources */ = {isa = PBXBuildFile; fileRef = 8A354B15199E4AF900A30CE0 /* learn.png */; };
		8A354B19199EC23500A30CE0 /* USATBV.m in Sources */ = {isa = PBXBuildFile; fileRef = 8A354B18199EC23500A30CE0 /* USATBV.m */; };
		8A3EAFB319ABA93C00551539 /* Wisconsin.jpg in Resources */ = {isa = PBXBuildFile; fileRef = 8A3EAFB219ABA93C00551539 /* Wisconsin.jpg */; };
		8A3EAFB719ABA97500551539 /* New Jersey.jpg in Resources */ = {isa = PBXBuildFile; fileRef = 8A3EAFB619ABA97500551539 /* New Jersey.jpg */; };
		8A3EAFB819ABA99700551539 /* New Mexico.jpg in Resources */ = {isa = PBXBuildFile; fileRef = 8A3EAFB419ABA96500551539 /* New Mexico.jpg */; };
		8A3EAFBA19ABA9BB00551539 /* Maine.jpg in Resources */ = {isa = PBXBuildFile; fileRef = 8A3EAFB919ABA9BB00551539 /* Maine.jpg */; };
		8A3EAFC019ABAA1600551539 /* South Carolina.jpg in Resources */ = {isa = PBXBuildFile; fileRef = 8A3EAFBF19ABAA1600551539 /* South Carolina.jpg */; };
		8A3EAFC619ABAAA800551539 /* Indiana.jpg in Resources */ = {isa = PBXBuildFile; fileRef = 8A3EAFC519ABAAA800551539 /* Indiana.jpg */; };
		8A3EAFC819ABAAC100551539 /* Nevada.jpg in Resources */ = {isa = PBXBuildFile; fileRef = 8A3EAFC719ABAAC100551539 /* Nevada.jpg */; };
		8A3EAFCC19ABAB9400551539 /* Kentucky.jpg in Resources */ = {isa = PBXBuildFile; fileRef = 8A3EAFCB19ABAB9400551539 /* Kentucky.jpg */; };
		8A3EAFCE19ABABF000551539 /* New Mexico.jpg in Resources */ = {isa = PBXBuildFile; fileRef = 8A3EAFCD19ABABF000551539 /* New Mexico.jpg */; };
		8A3EAFD019ABABFC00551539 /* Idaho.jpg in Resources */ = {isa = PBXBuildFile; fileRef = 8A3EAFCF19ABABFC00551539 /* Idaho.jpg */; };
		8A3EAFD419ABACCD00551539 /* Missouri.jpg in Resources */ = {isa = PBXBuildFile; fileRef = 8A3EAFD319ABACCD00551539 /* Missouri.jpg */; };
		8A3EAFD619ABAD1100551539 /* Maine.jpg in Resources */ = {isa = PBXBuildFile; fileRef = 8A3EAFD519ABAD1100551539 /* Maine.jpg */; };
		8A3EAFD819ABAD5C00551539 /* Kansas.jpg in Resources */ = {isa = PBXBuildFile; fileRef = 8A3EAFD719ABAD5C00551539 /* Kansas.jpg */; };
		8A3EAFDA19ABADD600551539 /* Arkansas.jpg in Resources */ = {isa = PBXBuildFile; fileRef = 8A3EAFD919ABADD600551539 /* Arkansas.jpg */; };
		8A3EAFDC19ABAE4A00551539 /* Indiana.jpg in Resources */ = {isa = PBXBuildFile; fileRef = 8A3EAFDB19ABAE4A00551539 /* Indiana.jpg */; };
		8A3EAFDE19ABAEA900551539 /* Nebraska.jpg in Resources */ = {isa = PBXBuildFile; fileRef = 8A3EAFDD19ABAEA900551539 /* Nebraska.jpg */; };
		8A3EAFE019ABAF6800551539 /* Louisiana.jpg in Resources */ = {isa = PBXBuildFile; fileRef = 8A3EAFDF19ABAF6800551539 /* Louisiana.jpg */; };
		8A5BB2D719AA590B00B0ABB3 /* Massachusetts.jpg in Resources */ = {isa = PBXBuildFile; fileRef = 8A5BB2D419AA590B00B0ABB3 /* Massachusetts.jpg */; };
		8A5BB2D819AA590B00B0ABB3 /* Arizona.jpg in Resources */ = {isa = PBXBuildFile; fileRef = 8A5BB2D519AA590B00B0ABB3 /* Arizona.jpg */; };
		8A5BB2D919AA590B00B0ABB3 /* New York City.jpg in Resources */ = {isa = PBXBuildFile; fileRef = 8A5BB2D619AA590B00B0ABB3 /* New York City.jpg */; };
		8A5BB2DB19AA9EFE00B0ABB3 /* North Carolina.jpg in Resources */ = {isa = PBXBuildFile; fileRef = 8A5BB2DA19AA9EFE00B0ABB3 /* North Carolina.jpg */; };
		8A5BB2DD19AAA01500B0ABB3 /* Hawaii.jpg in Resources */ = {isa = PBXBuildFile; fileRef = 8A5BB2DC19AAA01500B0ABB3 /* Hawaii.jpg */; };
		8A5BB2DF19AAA05F00B0ABB3 /* Wyoming2.jpg in Resources */ = {isa = PBXBuildFile; fileRef = 8A5BB2DE19AAA05F00B0ABB3 /* Wyoming2.jpg */; };
		8A5BB2E119AAA1DD00B0ABB3 /* Kentucky.jpg in Resources */ = {isa = PBXBuildFile; fileRef = 8A5BB2E019AAA1DD00B0ABB3 /* Kentucky.jpg */; };
		8A5BB2E319AAD5B900B0ABB3 /* Colorado.jpg in Resources */ = {isa = PBXBuildFile; fileRef = 8A5BB2E219AAD5B900B0ABB3 /* Colorado.jpg */; };
		8A5BB2E519AAD62700B0ABB3 /* Alabama.jpg in Resources */ = {isa = PBXBuildFile; fileRef = 8A5BB2E419AAD62700B0ABB3 /* Alabama.jpg */; };
		8A5BB2E719AAD66C00B0ABB3 /* Alaska.jpg in Resources */ = {isa = PBXBuildFile; fileRef = 8A5BB2E619AAD66C00B0ABB3 /* Alaska.jpg */; };
		8A5BB2EB19AAD70E00B0ABB3 /* Texas2.jpg in Resources */ = {isa = PBXBuildFile; fileRef = 8A5BB2EA19AAD70E00B0ABB3 /* Texas2.jpg */; };
		8A5BB2ED19AAD7C400B0ABB3 /* North Dakota.jpg in Resources */ = {isa = PBXBuildFile; fileRef = 8A5BB2EC19AAD7C400B0ABB3 /* North Dakota.jpg */; };
		8A5BB2EF19AAD80800B0ABB3 /* South Dakota.jpg in Resources */ = {isa = PBXBuildFile; fileRef = 8A5BB2EE19AAD80800B0ABB3 /* South Dakota.jpg */; };
		8A5BB2F119AAD85500B0ABB3 /* Montana.jpg in Resources */ = {isa = PBXBuildFile; fileRef = 8A5BB2F019AAD85500B0ABB3 /* Montana.jpg */; };
		8A5BB2F319AAD87A00B0ABB3 /* Ohio.jpg in Resources */ = {isa = PBXBuildFile; fileRef = 8A5BB2F219AAD87A00B0ABB3 /* Ohio.jpg */; };
		8A5BB2F519AADB1300B0ABB3 /* Oregon.jpg in Resources */ = {isa = PBXBuildFile; fileRef = 8A5BB2F419AADB1300B0ABB3 /* Oregon.jpg */; };
		8A5BB2F719AADBFC00B0ABB3 /* Pennsylvania.jpg in Resources */ = {isa = PBXBuildFile; fileRef = 8A5BB2F619AADBFC00B0ABB3 /* Pennsylvania.jpg */; };
		8A5BB2F919AADC3A00B0ABB3 /* Mississippi.jpg in Resources */ = {isa = PBXBuildFile; fileRef = 8A5BB2F819AADC3A00B0ABB3 /* Mississippi.jpg */; };
		8A5BB2FD19AADE1700B0ABB3 /* Oklahoma.jpg in Resources */ = {isa = PBXBuildFile; fileRef = 8A5BB2FC19AADE1700B0ABB3 /* Oklahoma.jpg */; };
		8A5BB2FF19AADE9C00B0ABB3 /* Utah.jpg in Resources */ = {isa = PBXBuildFile; fileRef = 8A5BB2FE19AADE9C00B0ABB3 /* Utah.jpg */; };
		8A5BB30219AB60D000B0ABB3 /* CapitalGame.m in Sources */ = {isa = PBXBuildFile; fileRef = 8A5BB30119AB60D000B0ABB3 /* CapitalGame.m */; };
		8A67036419944771000037DF /* Foundation.framework in Frameworks */ = {isa = PBXBuildFile; fileRef = 8A67036319944771000037DF /* Foundation.framework */; };
		8A67036619944771000037DF /* CoreGraphics.framework in Frameworks */ = {isa = PBXBuildFile; fileRef = 8A67036519944771000037DF /* CoreGraphics.framework */; };
		8A67036819944771000037DF /* UIKit.framework in Frameworks */ = {isa = PBXBuildFile; fileRef = 8A67036719944771000037DF /* UIKit.framework */; };
		8A67036E19944771000037DF /* InfoPlist.strings in Resources */ = {isa = PBXBuildFile; fileRef = 8A67036C19944771000037DF /* InfoPlist.strings */; };
		8A67037019944771000037DF /* main.m in Sources */ = {isa = PBXBuildFile; fileRef = 8A67036F19944771000037DF /* main.m */; };
		8A67037419944771000037DF /* USAAppDelegate.m in Sources */ = {isa = PBXBuildFile; fileRef = 8A67037319944771000037DF /* USAAppDelegate.m */; };
		8A67037619944771000037DF /* Images.xcassets in Resources */ = {isa = PBXBuildFile; fileRef = 8A67037519944771000037DF /* Images.xcassets */; };
		8A67037D19944771000037DF /* XCTest.framework in Frameworks */ = {isa = PBXBuildFile; fileRef = 8A67037C19944771000037DF /* XCTest.framework */; };
		8A67037E19944771000037DF /* Foundation.framework in Frameworks */ = {isa = PBXBuildFile; fileRef = 8A67036319944771000037DF /* Foundation.framework */; };
		8A67037F19944771000037DF /* UIKit.framework in Frameworks */ = {isa = PBXBuildFile; fileRef = 8A67036719944771000037DF /* UIKit.framework */; };
		8A67038719944771000037DF /* InfoPlist.strings in Resources */ = {isa = PBXBuildFile; fileRef = 8A67038519944771000037DF /* InfoPlist.strings */; };
		8A67038919944771000037DF /* USATests.m in Sources */ = {isa = PBXBuildFile; fileRef = 8A67038819944771000037DF /* USATests.m */; };
		8A670395199447C3000037DF /* USAimagesViewController.m in Sources */ = {isa = PBXBuildFile; fileRef = 8A670394199447C3000037DF /* USAimagesViewController.m */; };
		8A7E21CA19AB793E001C16F9 /* Michigan.jpg in Resources */ = {isa = PBXBuildFile; fileRef = 8A7E21C919AB793E001C16F9 /* Michigan.jpg */; };
		8A9BCA9019ACD26C00A6C316 /* California.jpg in Resources */ = {isa = PBXBuildFile; fileRef = 8A9BCA8E19ACD26C00A6C316 /* California.jpg */; };
		8A9BCA9119ACD26C00A6C316 /* Florida.jpg in Resources */ = {isa = PBXBuildFile; fileRef = 8A9BCA8F19ACD26C00A6C316 /* Florida.jpg */; };
		8AA73223199D339F00E2B83E /* Washington2.jpg in Resources */ = {isa = PBXBuildFile; fileRef = 8AA73222199D339F00E2B83E /* Washington2.jpg */; };
		8AA73225199D376000E2B83E /* New York.jpg in Resources */ = {isa = PBXBuildFile; fileRef = 8AA73224199D376000E2B83E /* New York.jpg */; };
		8AA73227199D392400E2B83E /* Florida.jpg in Resources */ = {isa = PBXBuildFile; fileRef = 8AA73226199D392400E2B83E /* Florida.jpg */; };
		8AA73229199D39B100E2B83E /* Illinois.jpg in Resources */ = {isa = PBXBuildFile; fileRef = 8AA73228199D39B100E2B83E /* Illinois.jpg */; };
		8AA7326C199D415C00E2B83E /* Georgia.jpg in Resources */ = {isa = PBXBuildFile; fileRef = 8AA7326B199D415C00E2B83E /* Georgia.jpg */; };
		8AA73270199D988B00E2B83E /* Data.png in Resources */ = {isa = PBXBuildFile; fileRef = 8AA7326F199D988B00E2B83E /* Data.png */; };
		8AA73272199D98C800E2B83E /* Row.png in Resources */ = {isa = PBXBuildFile; fileRef = 8AA73271199D98C800E2B83E /* Row.png */; };
		8AA7327F199D9AE900E2B83E /* NAModalSheet.m in Sources */ = {isa = PBXBuildFile; fileRef = 8AA73276199D9AE900E2B83E /* NAModalSheet.m */; };
		8AA73280199D9AE900E2B83E /* UIImage+BoxBlur.m in Sources */ = {isa = PBXBuildFile; fileRef = 8AA73278199D9AE900E2B83E /* UIImage+BoxBlur.m */; };
		8AA73281199D9AE900E2B83E /* UIImage+screenshot.m in Sources */ = {isa = PBXBuildFile; fileRef = 8AA7327A199D9AE900E2B83E /* UIImage+screenshot.m */; };
		8AA73282199D9AE900E2B83E /* SampleSheetViewController.m in Sources */ = {isa = PBXBuildFile; fileRef = 8AA7327C199D9AE900E2B83E /* SampleSheetViewController.m */; };
		8AA73283199D9AE900E2B83E /* SampleSheetViewController.xib in Resources */ = {isa = PBXBuildFile; fileRef = 8AA7327D199D9AE900E2B83E /* SampleSheetViewController.xib */; };
		8AA73286199DB6CD00E2B83E /* search.png in Resources */ = {isa = PBXBuildFile; fileRef = 8AA73285199DB6CD00E2B83E /* search.png */; };
		8AA73288199DBC7900E2B83E /* rate.png in Resources */ = {isa = PBXBuildFile; fileRef = 8AA73287199DBC7900E2B83E /* rate.png */; };
		8AA7328A199E3C1A00E2B83E /* close.png in Resources */ = {isa = PBXBuildFile; fileRef = 8AA73289199E3C1A00E2B83E /* close.png */; };
		8AA7328F199E484E00E2B83E /* play.png in Resources */ = {isa = PBXBuildFile; fileRef = 8AA7328E199E484E00E2B83E /* play.png */; };
		8AA73291199E48FD00E2B83E /* settings.png in Resources */ = {isa = PBXBuildFile; fileRef = 8AA73290199E48FD00E2B83E /* settings.png */; };
		8AAE965319A7661A009090AA /* ScoreSummary.m in Sources */ = {isa = PBXBuildFile; fileRef = 8AAE965219A7661A009090AA /* ScoreSummary.m */; };
		8AE0225719A41A71003BD003 /* swipe_button.png in Resources */ = {isa = PBXBuildFile; fileRef = 8AE0225619A41A71003BD003 /* swipe_button.png */; };
		8AE0225919A4D07A003BD003 /* select.png in Resources */ = {isa = PBXBuildFile; fileRef = 8AE0225819A4D07A003BD003 /* select.png */; };
		8AE0225B19A4D40E003BD003 /* select2.png in Resources */ = {isa = PBXBuildFile; fileRef = 8AE0225A19A4D40E003BD003 /* select2.png */; };
		8AE0225D19A4DAA3003BD003 /* select3.png in Resources */ = {isa = PBXBuildFile; fileRef = 8AE0225C19A4DAA3003BD003 /* select3.png */; };
		8AE87DCA19B0BEC500EC93F0 /* CoreText.framework in Frameworks */ = {isa = PBXBuildFile; fileRef = 8AFAD22B19A03EE30058F64E /* CoreText.framework */; };
		8AE87DD119B0D65C00EC93F0 /* ViewController_iPhone.xib in Resources */ = {isa = PBXBuildFile; fileRef = 8AE87DCE19B0D65C00EC93F0 /* ViewController_iPhone.xib */; };
		8AE87DD219B0D65C00EC93F0 /* ViewController.m in Sources */ = {isa = PBXBuildFile; fileRef = 8AE87DD019B0D65C00EC93F0 /* ViewController.m */; };
		8AE87DDC19B0D6E900EC93F0 /* MapCustomizationViewController.m in Sources */ = {isa = PBXBuildFile; fileRef = 8AE87DDB19B0D6E900EC93F0 /* MapCustomizationViewController.m */; };
		8AFAD1F9199EDEE40058F64E /* searchButton.png in Resources */ = {isa = PBXBuildFile; fileRef = 8AFAD1F8199EDEE40058F64E /* searchButton.png */; };
		8AFAD1FC199EE2AB0058F64E /* USAViewStateVC.m in Sources */ = {isa = PBXBuildFile; fileRef = 8AFAD1FB199EE2AB0058F64E /* USAViewStateVC.m */; };
		8AFAD1FE199EEC0E0058F64E /* back.png in Resources */ = {isa = PBXBuildFile; fileRef = 8AFAD1FD199EEC0E0058F64E /* back.png */; };
		8AFAD216199F18130058F64E /* DataStore.h in Sources */ = {isa = PBXBuildFile; fileRef = 8AFAD212199F18130058F64E /* DataStore.h */; };
		8AFAD217199F18130058F64E /* DataStore.m in Sources */ = {isa = PBXBuildFile; fileRef = 8AFAD213199F18130058F64E /* DataStore.m */; };
		8AFAD218199F18130058F64E /* StateClass.h in Sources */ = {isa = PBXBuildFile; fileRef = 8AFAD214199F18130058F64E /* StateClass.h */; };
		8AFAD219199F18130058F64E /* StateClass.m in Sources */ = {isa = PBXBuildFile; fileRef = 8AFAD215199F18130058F64E /* StateClass.m */; };
		8AFAD21C199F19020058F64E /* NSArray+RandomSort.m in Sources */ = {isa = PBXBuildFile; fileRef = 8AFAD21B199F19020058F64E /* NSArray+RandomSort.m */; };
		8AFAD21E199FA75B0058F64E /* USA States.plist in Resources */ = {isa = PBXBuildFile; fileRef = 8AFAD21D199FA75B0058F64E /* USA States.plist */; };
		8AFAD222199FC9C00058F64E /* ImageViewController.m in Sources */ = {isa = PBXBuildFile; fileRef = 8AFAD221199FC9C00058F64E /* ImageViewController.m */; };
		8AFAD225199FCA120058F64E /* MDCParallaxView.m in Sources */ = {isa = PBXBuildFile; fileRef = 8AFAD224199FCA120058F64E /* MDCParallaxView.m */; };
		8AFAD22A199FF5FC0058F64E /* MoreInfoWebVC.m in Sources */ = {isa = PBXBuildFile; fileRef = 8AFAD229199FF5FC0058F64E /* MoreInfoWebVC.m */; };
		8AFAD24619A12FA10058F64E /* GamePlayVC.m in Sources */ = {isa = PBXBuildFile; fileRef = 8AFAD24519A12FA10058F64E /* GamePlayVC.m */; };
		8AFAD24919A1409F0058F64E /* StatesGameVC.m in Sources */ = {isa = PBXBuildFile; fileRef = 8AFAD24819A1409F0058F64E /* StatesGameVC.m */; };
		8AFAD24B19A231A10058F64E /* California.jpg in Resources */ = {isa = PBXBuildFile; fileRef = 8AFAD24A19A231A10058F64E /* California.jpg */; };
/* End PBXBuildFile section */

/* Begin PBXContainerItemProxy section */
		8A67038019944771000037DF /* PBXContainerItemProxy */ = {
			isa = PBXContainerItemProxy;
			containerPortal = 8A67035819944771000037DF /* Project object */;
			proxyType = 1;
			remoteGlobalIDString = 8A67035F19944771000037DF;
			remoteInfo = USA;
		};
/* End PBXContainerItemProxy section */

/* Begin PBXFileReference section */
		8A02875A19ACDFFF00829188 /* Tennessee.jpg */ = {isa = PBXFileReference; lastKnownFileType = image.jpeg; path = Tennessee.jpg; sourceTree = "<group>"; };
		8A02875C19ACE13200829188 /* Texas.jpg */ = {isa = PBXFileReference; lastKnownFileType = image.jpeg; path = Texas.jpg; sourceTree = "<group>"; };
		8A02875E19ACE48000829188 /* Connecticut.jpg */ = {isa = PBXFileReference; lastKnownFileType = image.jpeg; path = Connecticut.jpg; sourceTree = "<group>"; };
		8A02876019ACE4E600829188 /* Mississippi.jpg */ = {isa = PBXFileReference; lastKnownFileType = image.jpeg; path = Mississippi.jpg; sourceTree = "<group>"; };
		8A02876219ACF91700829188 /* Minnesota.jpg */ = {isa = PBXFileReference; lastKnownFileType = image.jpeg; path = Minnesota.jpg; sourceTree = "<group>"; };
		8A02876419ACFA2E00829188 /* Wyoming.jpg */ = {isa = PBXFileReference; lastKnownFileType = image.jpeg; path = Wyoming.jpg; sourceTree = "<group>"; };
		8A02876619ACFB0700829188 /* Rhode Island.jpg */ = {isa = PBXFileReference; lastKnownFileType = image.jpeg; path = "Rhode Island.jpg"; sourceTree = "<group>"; };
		8A02876819ACFBF900829188 /* Connecticut.jpg */ = {isa = PBXFileReference; lastKnownFileType = image.jpeg; path = Connecticut.jpg; sourceTree = "<group>"; };
		8A02876A19ACFD3400829188 /* Delaware.jpg */ = {isa = PBXFileReference; lastKnownFileType = image.jpeg; path = Delaware.jpg; sourceTree = "<group>"; };
		8A02876C19ACFDD300829188 /* Virginia.jpg */ = {isa = PBXFileReference; lastKnownFileType = image.jpeg; path = Virginia.jpg; sourceTree = "<group>"; };
		8A02876E19AD021700829188 /* Washington.jpg */ = {isa = PBXFileReference; lastKnownFileType = image.jpeg; path = Washington.jpg; sourceTree = "<group>"; };
		8A02877019AD043200829188 /* New Hampshire.jpg */ = {isa = PBXFileReference; lastKnownFileType = image.jpeg; path = "New Hampshire.jpg"; sourceTree = "<group>"; };
		8A02877219AD05CC00829188 /* Vermont.jpg */ = {isa = PBXFileReference; lastKnownFileType = image.jpeg; path = Vermont.jpg; sourceTree = "<group>"; };
		8A02877419AD068700829188 /* West Virginia.jpg */ = {isa = PBXFileReference; lastKnownFileType = image.jpeg; path = "West Virginia.jpg"; sourceTree = "<group>"; };
		8A02877619AD07AF00829188 /* Iowa.jpg */ = {isa = PBXFileReference; lastKnownFileType = image.jpeg; path = Iowa.jpg; sourceTree = "<group>"; };
		8A2218E919B3A6A000CD8118 /* stately.ttf */ = {isa = PBXFileReference; lastKnownFileType = file; path = stately.ttf; sourceTree = "<group>"; };
		8A2218EA19B3A6A000CD8118 /* USStatesColorMap.h */ = {isa = PBXFileReference; fileEncoding = 4; lastKnownFileType = sourcecode.c.h; path = USStatesColorMap.h; sourceTree = "<group>"; };
		8A2218EB19B3A6A000CD8118 /* USStatesColorMap.m */ = {isa = PBXFileReference; fileEncoding = 4; lastKnownFileType = sourcecode.c.objc; path = USStatesColorMap.m; sourceTree = "<group>"; };
		8A2218EC19B3A6A000CD8118 /* USStatesColorMapHeader.h */ = {isa = PBXFileReference; fileEncoding = 4; lastKnownFileType = sourcecode.c.h; path = USStatesColorMapHeader.h; sourceTree = "<group>"; };
		8A2218F019B404E500CD8118 /* KLCPopup.h */ = {isa = PBXFileReference; fileEncoding = 4; lastKnownFileType = sourcecode.c.h; path = KLCPopup.h; sourceTree = "<group>"; };
		8A2218F119B404E500CD8118 /* KLCPopup.m */ = {isa = PBXFileReference; fileEncoding = 4; lastKnownFileType = sourcecode.c.objc; path = KLCPopup.m; sourceTree = "<group>"; };
		8A2410B919AD0D7700A172C4 /* Maryland.jpg */ = {isa = PBXFileReference; lastKnownFileType = image.jpeg; path = Maryland.jpg; sourceTree = "<group>"; };
		8A2D004A19B61ADE0035177C /* ScorePopUp.h */ = {isa = PBXFileReference; fileEncoding = 4; lastKnownFileType = sourcecode.c.h; path = ScorePopUp.h; sourceTree = "<group>"; };
		8A2D004B19B61ADE0035177C /* ScorePopUp.m */ = {isa = PBXFileReference; fileEncoding = 4; lastKnownFileType = sourcecode.c.objc; path = ScorePopUp.m; sourceTree = "<group>"; };
		8A2D004F19B6225C0035177C /* ScorePopUp.xib */ = {isa = PBXFileReference; fileEncoding = 4; lastKnownFileType = file.xib; path = ScorePopUp.xib; sourceTree = "<group>"; };
		8A354B15199E4AF900A30CE0 /* learn.png */ = {isa = PBXFileReference; lastKnownFileType = image.png; path = learn.png; sourceTree = "<group>"; };
		8A354B17199EC23500A30CE0 /* USATBV.h */ = {isa = PBXFileReference; fileEncoding = 4; lastKnownFileType = sourcecode.c.h; path = USATBV.h; sourceTree = "<group>"; };
		8A354B18199EC23500A30CE0 /* USATBV.m */ = {isa = PBXFileReference; fileEncoding = 4; lastKnownFileType = sourcecode.c.objc; path = USATBV.m; sourceTree = "<group>"; };
		8A3EAFB219ABA93C00551539 /* Wisconsin.jpg */ = {isa = PBXFileReference; lastKnownFileType = image.jpeg; path = Wisconsin.jpg; sourceTree = "<group>"; };
		8A3EAFB419ABA96500551539 /* New Mexico.jpg */ = {isa = PBXFileReference; lastKnownFileType = image.jpeg; name = "New Mexico.jpg"; path = "Controllers/New Mexico.jpg"; sourceTree = "<group>"; };
		8A3EAFB619ABA97500551539 /* New Jersey.jpg */ = {isa = PBXFileReference; lastKnownFileType = image.jpeg; path = "New Jersey.jpg"; sourceTree = "<group>"; };
		8A3EAFB919ABA9BB00551539 /* Maine.jpg */ = {isa = PBXFileReference; lastKnownFileType = image.jpeg; path = Maine.jpg; sourceTree = "<group>"; };
		8A3EAFBF19ABAA1600551539 /* South Carolina.jpg */ = {isa = PBXFileReference; lastKnownFileType = image.jpeg; path = "South Carolina.jpg"; sourceTree = "<group>"; };
		8A3EAFC519ABAAA800551539 /* Indiana.jpg */ = {isa = PBXFileReference; lastKnownFileType = image.jpeg; path = Indiana.jpg; sourceTree = "<group>"; };
		8A3EAFC719ABAAC100551539 /* Nevada.jpg */ = {isa = PBXFileReference; lastKnownFileType = image.jpeg; path = Nevada.jpg; sourceTree = "<group>"; };
		8A3EAFCB19ABAB9400551539 /* Kentucky.jpg */ = {isa = PBXFileReference; lastKnownFileType = image.jpeg; path = Kentucky.jpg; sourceTree = "<group>"; };
		8A3EAFCD19ABABF000551539 /* New Mexico.jpg */ = {isa = PBXFileReference; lastKnownFileType = image.jpeg; path = "New Mexico.jpg"; sourceTree = "<group>"; };
		8A3EAFCF19ABABFC00551539 /* Idaho.jpg */ = {isa = PBXFileReference; lastKnownFileType = image.jpeg; path = Idaho.jpg; sourceTree = "<group>"; };
		8A3EAFD319ABACCD00551539 /* Missouri.jpg */ = {isa = PBXFileReference; lastKnownFileType = image.jpeg; path = Missouri.jpg; sourceTree = "<group>"; };
		8A3EAFD519ABAD1100551539 /* Maine.jpg */ = {isa = PBXFileReference; lastKnownFileType = image.jpeg; path = Maine.jpg; sourceTree = "<group>"; };
		8A3EAFD719ABAD5C00551539 /* Kansas.jpg */ = {isa = PBXFileReference; lastKnownFileType = image.jpeg; path = Kansas.jpg; sourceTree = "<group>"; };
		8A3EAFD919ABADD600551539 /* Arkansas.jpg */ = {isa = PBXFileReference; lastKnownFileType = image.jpeg; path = Arkansas.jpg; sourceTree = "<group>"; };
		8A3EAFDB19ABAE4A00551539 /* Indiana.jpg */ = {isa = PBXFileReference; lastKnownFileType = image.jpeg; path = Indiana.jpg; sourceTree = "<group>"; };
		8A3EAFDD19ABAEA900551539 /* Nebraska.jpg */ = {isa = PBXFileReference; lastKnownFileType = image.jpeg; path = Nebraska.jpg; sourceTree = "<group>"; };
		8A3EAFDF19ABAF6800551539 /* Louisiana.jpg */ = {isa = PBXFileReference; lastKnownFileType = image.jpeg; path = Louisiana.jpg; sourceTree = "<group>"; };
		8A5BB2D419AA590B00B0ABB3 /* Massachusetts.jpg */ = {isa = PBXFileReference; lastKnownFileType = image.jpeg; path = Massachusetts.jpg; sourceTree = "<group>"; };
		8A5BB2D519AA590B00B0ABB3 /* Arizona.jpg */ = {isa = PBXFileReference; lastKnownFileType = image.jpeg; path = Arizona.jpg; sourceTree = "<group>"; };
		8A5BB2D619AA590B00B0ABB3 /* New York City.jpg */ = {isa = PBXFileReference; lastKnownFileType = image.jpeg; path = "New York City.jpg"; sourceTree = "<group>"; };
		8A5BB2DA19AA9EFE00B0ABB3 /* North Carolina.jpg */ = {isa = PBXFileReference; lastKnownFileType = image.jpeg; path = "North Carolina.jpg"; sourceTree = "<group>"; };
		8A5BB2DC19AAA01500B0ABB3 /* Hawaii.jpg */ = {isa = PBXFileReference; lastKnownFileType = image.jpeg; path = Hawaii.jpg; sourceTree = "<group>"; };
		8A5BB2DE19AAA05F00B0ABB3 /* Wyoming2.jpg */ = {isa = PBXFileReference; lastKnownFileType = image.jpeg; path = Wyoming2.jpg; sourceTree = "<group>"; };
		8A5BB2E019AAA1DD00B0ABB3 /* Kentucky.jpg */ = {isa = PBXFileReference; lastKnownFileType = image.jpeg; path = Kentucky.jpg; sourceTree = "<group>"; };
		8A5BB2E219AAD5B900B0ABB3 /* Colorado.jpg */ = {isa = PBXFileReference; lastKnownFileType = image.jpeg; path = Colorado.jpg; sourceTree = "<group>"; };
		8A5BB2E419AAD62700B0ABB3 /* Alabama.jpg */ = {isa = PBXFileReference; lastKnownFileType = image.jpeg; path = Alabama.jpg; sourceTree = "<group>"; };
		8A5BB2E619AAD66C00B0ABB3 /* Alaska.jpg */ = {isa = PBXFileReference; lastKnownFileType = image.jpeg; path = Alaska.jpg; sourceTree = "<group>"; };
		8A5BB2EA19AAD70E00B0ABB3 /* Texas2.jpg */ = {isa = PBXFileReference; lastKnownFileType = image.jpeg; path = Texas2.jpg; sourceTree = "<group>"; };
		8A5BB2EC19AAD7C400B0ABB3 /* North Dakota.jpg */ = {isa = PBXFileReference; lastKnownFileType = image.jpeg; path = "North Dakota.jpg"; sourceTree = "<group>"; };
		8A5BB2EE19AAD80800B0ABB3 /* South Dakota.jpg */ = {isa = PBXFileReference; lastKnownFileType = image.jpeg; path = "South Dakota.jpg"; sourceTree = "<group>"; };
		8A5BB2F019AAD85500B0ABB3 /* Montana.jpg */ = {isa = PBXFileReference; lastKnownFileType = image.jpeg; path = Montana.jpg; sourceTree = "<group>"; };
		8A5BB2F219AAD87A00B0ABB3 /* Ohio.jpg */ = {isa = PBXFileReference; lastKnownFileType = image.jpeg; path = Ohio.jpg; sourceTree = "<group>"; };
		8A5BB2F419AADB1300B0ABB3 /* Oregon.jpg */ = {isa = PBXFileReference; lastKnownFileType = image.jpeg; path = Oregon.jpg; sourceTree = "<group>"; };
		8A5BB2F619AADBFC00B0ABB3 /* Pennsylvania.jpg */ = {isa = PBXFileReference; lastKnownFileType = image.jpeg; path = Pennsylvania.jpg; sourceTree = "<group>"; };
		8A5BB2F819AADC3A00B0ABB3 /* Mississippi.jpg */ = {isa = PBXFileReference; lastKnownFileType = image.jpeg; path = Mississippi.jpg; sourceTree = "<group>"; };
		8A5BB2FC19AADE1700B0ABB3 /* Oklahoma.jpg */ = {isa = PBXFileReference; lastKnownFileType = image.jpeg; path = Oklahoma.jpg; sourceTree = "<group>"; };
		8A5BB2FE19AADE9C00B0ABB3 /* Utah.jpg */ = {isa = PBXFileReference; lastKnownFileType = image.jpeg; path = Utah.jpg; sourceTree = "<group>"; };
		8A5BB30019AB60D000B0ABB3 /* CapitalGame.h */ = {isa = PBXFileReference; fileEncoding = 4; lastKnownFileType = sourcecode.c.h; path = CapitalGame.h; sourceTree = "<group>"; };
		8A5BB30119AB60D000B0ABB3 /* CapitalGame.m */ = {isa = PBXFileReference; fileEncoding = 4; lastKnownFileType = sourcecode.c.objc; path = CapitalGame.m; sourceTree = "<group>"; };
		8A67036019944771000037DF /* USA.app */ = {isa = PBXFileReference; explicitFileType = wrapper.application; includeInIndex = 0; path = USA.app; sourceTree = BUILT_PRODUCTS_DIR; };
		8A67036319944771000037DF /* Foundation.framework */ = {isa = PBXFileReference; lastKnownFileType = wrapper.framework; name = Foundation.framework; path = System/Library/Frameworks/Foundation.framework; sourceTree = SDKROOT; };
		8A67036519944771000037DF /* CoreGraphics.framework */ = {isa = PBXFileReference; lastKnownFileType = wrapper.framework; name = CoreGraphics.framework; path = System/Library/Frameworks/CoreGraphics.framework; sourceTree = SDKROOT; };
		8A67036719944771000037DF /* UIKit.framework */ = {isa = PBXFileReference; lastKnownFileType = wrapper.framework; name = UIKit.framework; path = System/Library/Frameworks/UIKit.framework; sourceTree = SDKROOT; };
		8A67036B19944771000037DF /* USA-Info.plist */ = {isa = PBXFileReference; lastKnownFileType = text.plist.xml; path = "USA-Info.plist"; sourceTree = "<group>"; };
		8A67036D19944771000037DF /* en */ = {isa = PBXFileReference; lastKnownFileType = text.plist.strings; name = en; path = en.lproj/InfoPlist.strings; sourceTree = "<group>"; };
		8A67036F19944771000037DF /* main.m */ = {isa = PBXFileReference; lastKnownFileType = sourcecode.c.objc; path = main.m; sourceTree = "<group>"; };
		8A67037119944771000037DF /* USA-Prefix.pch */ = {isa = PBXFileReference; lastKnownFileType = sourcecode.c.h; path = "USA-Prefix.pch"; sourceTree = "<group>"; };
		8A67037219944771000037DF /* USAAppDelegate.h */ = {isa = PBXFileReference; lastKnownFileType = sourcecode.c.h; path = USAAppDelegate.h; sourceTree = "<group>"; };
		8A67037319944771000037DF /* USAAppDelegate.m */ = {isa = PBXFileReference; lastKnownFileType = sourcecode.c.objc; path = USAAppDelegate.m; sourceTree = "<group>"; };
		8A67037519944771000037DF /* Images.xcassets */ = {isa = PBXFileReference; lastKnownFileType = folder.assetcatalog; path = Images.xcassets; sourceTree = "<group>"; };
		8A67037B19944771000037DF /* USATests.xctest */ = {isa = PBXFileReference; explicitFileType = wrapper.cfbundle; includeInIndex = 0; path = USATests.xctest; sourceTree = BUILT_PRODUCTS_DIR; };
		8A67037C19944771000037DF /* XCTest.framework */ = {isa = PBXFileReference; lastKnownFileType = wrapper.framework; name = XCTest.framework; path = Library/Frameworks/XCTest.framework; sourceTree = DEVELOPER_DIR; };
		8A67038619944771000037DF /* en */ = {isa = PBXFileReference; lastKnownFileType = text.plist.strings; name = en; path = en.lproj/InfoPlist.strings; sourceTree = "<group>"; };
		8A67038819944771000037DF /* USATests.m */ = {isa = PBXFileReference; lastKnownFileType = sourcecode.c.objc; path = USATests.m; sourceTree = "<group>"; };
		8A670393199447C3000037DF /* USAimagesViewController.h */ = {isa = PBXFileReference; fileEncoding = 4; lastKnownFileType = sourcecode.c.h; path = USAimagesViewController.h; sourceTree = "<group>"; };
		8A670394199447C3000037DF /* USAimagesViewController.m */ = {isa = PBXFileReference; fileEncoding = 4; lastKnownFileType = sourcecode.c.objc; path = USAimagesViewController.m; sourceTree = "<group>"; };
		8A7E21C919AB793E001C16F9 /* Michigan.jpg */ = {isa = PBXFileReference; lastKnownFileType = image.jpeg; path = Michigan.jpg; sourceTree = "<group>"; };
		8A9BCA8E19ACD26C00A6C316 /* California.jpg */ = {isa = PBXFileReference; lastKnownFileType = image.jpeg; path = California.jpg; sourceTree = "<group>"; };
		8A9BCA8F19ACD26C00A6C316 /* Florida.jpg */ = {isa = PBXFileReference; lastKnownFileType = image.jpeg; path = Florida.jpg; sourceTree = "<group>"; };
		8AA73222199D339F00E2B83E /* Washington2.jpg */ = {isa = PBXFileReference; lastKnownFileType = image.jpeg; path = Washington2.jpg; sourceTree = "<group>"; };
		8AA73224199D376000E2B83E /* New York.jpg */ = {isa = PBXFileReference; lastKnownFileType = image.jpeg; path = "New York.jpg"; sourceTree = "<group>"; };
		8AA73226199D392400E2B83E /* Florida.jpg */ = {isa = PBXFileReference; lastKnownFileType = image.jpeg; path = Florida.jpg; sourceTree = "<group>"; };
		8AA73228199D39B100E2B83E /* Illinois.jpg */ = {isa = PBXFileReference; lastKnownFileType = image.jpeg; path = Illinois.jpg; sourceTree = "<group>"; };
		8AA7326B199D415C00E2B83E /* Georgia.jpg */ = {isa = PBXFileReference; lastKnownFileType = image.jpeg; path = Georgia.jpg; sourceTree = "<group>"; };
		8AA7326F199D988B00E2B83E /* Data.png */ = {isa = PBXFileReference; lastKnownFileType = image.png; path = Data.png; sourceTree = "<group>"; };
		8AA73271199D98C800E2B83E /* Row.png */ = {isa = PBXFileReference; lastKnownFileType = image.png; path = Row.png; sourceTree = "<group>"; };
		8AA73275199D9AE900E2B83E /* NAModalSheet.h */ = {isa = PBXFileReference; fileEncoding = 4; lastKnownFileType = sourcecode.c.h; path = NAModalSheet.h; sourceTree = "<group>"; };
		8AA73276199D9AE900E2B83E /* NAModalSheet.m */ = {isa = PBXFileReference; fileEncoding = 4; lastKnownFileType = sourcecode.c.objc; path = NAModalSheet.m; sourceTree = "<group>"; };
		8AA73277199D9AE900E2B83E /* UIImage+BoxBlur.h */ = {isa = PBXFileReference; fileEncoding = 4; lastKnownFileType = sourcecode.c.h; path = "UIImage+BoxBlur.h"; sourceTree = "<group>"; };
		8AA73278199D9AE900E2B83E /* UIImage+BoxBlur.m */ = {isa = PBXFileReference; fileEncoding = 4; lastKnownFileType = sourcecode.c.objc; path = "UIImage+BoxBlur.m"; sourceTree = "<group>"; };
		8AA73279199D9AE900E2B83E /* UIImage+screenshot.h */ = {isa = PBXFileReference; fileEncoding = 4; lastKnownFileType = sourcecode.c.h; path = "UIImage+screenshot.h"; sourceTree = "<group>"; };
		8AA7327A199D9AE900E2B83E /* UIImage+screenshot.m */ = {isa = PBXFileReference; fileEncoding = 4; lastKnownFileType = sourcecode.c.objc; path = "UIImage+screenshot.m"; sourceTree = "<group>"; };
		8AA7327B199D9AE900E2B83E /* SampleSheetViewController.h */ = {isa = PBXFileReference; fileEncoding = 4; lastKnownFileType = sourcecode.c.h; name = SampleSheetViewController.h; path = ../SampleSheetViewController.h; sourceTree = "<group>"; };
		8AA7327C199D9AE900E2B83E /* SampleSheetViewController.m */ = {isa = PBXFileReference; fileEncoding = 4; lastKnownFileType = sourcecode.c.objc; name = SampleSheetViewController.m; path = ../SampleSheetViewController.m; sourceTree = "<group>"; };
		8AA7327D199D9AE900E2B83E /* SampleSheetViewController.xib */ = {isa = PBXFileReference; fileEncoding = 4; lastKnownFileType = file.xib; name = SampleSheetViewController.xib; path = ../SampleSheetViewController.xib; sourceTree = "<group>"; };
		8AA73285199DB6CD00E2B83E /* search.png */ = {isa = PBXFileReference; lastKnownFileType = image.png; path = search.png; sourceTree = "<group>"; };
		8AA73287199DBC7900E2B83E /* rate.png */ = {isa = PBXFileReference; lastKnownFileType = image.png; path = rate.png; sourceTree = "<group>"; };
		8AA73289199E3C1A00E2B83E /* close.png */ = {isa = PBXFileReference; lastKnownFileType = image.png; path = close.png; sourceTree = "<group>"; };
		8AA7328E199E484E00E2B83E /* play.png */ = {isa = PBXFileReference; lastKnownFileType = image.png; path = play.png; sourceTree = "<group>"; };
		8AA73290199E48FD00E2B83E /* settings.png */ = {isa = PBXFileReference; lastKnownFileType = image.png; path = settings.png; sourceTree = "<group>"; };
		8AAE965119A7661A009090AA /* ScoreSummary.h */ = {isa = PBXFileReference; fileEncoding = 4; lastKnownFileType = sourcecode.c.h; path = ScoreSummary.h; sourceTree = "<group>"; };
		8AAE965219A7661A009090AA /* ScoreSummary.m */ = {isa = PBXFileReference; fileEncoding = 4; lastKnownFileType = sourcecode.c.objc; path = ScoreSummary.m; sourceTree = "<group>"; };
		8AE0225619A41A71003BD003 /* swipe_button.png */ = {isa = PBXFileReference; lastKnownFileType = image.png; path = swipe_button.png; sourceTree = "<group>"; };
		8AE0225819A4D07A003BD003 /* select.png */ = {isa = PBXFileReference; lastKnownFileType = image.png; path = select.png; sourceTree = "<group>"; };
		8AE0225A19A4D40E003BD003 /* select2.png */ = {isa = PBXFileReference; lastKnownFileType = image.png; path = select2.png; sourceTree = "<group>"; };
		8AE0225C19A4DAA3003BD003 /* select3.png */ = {isa = PBXFileReference; lastKnownFileType = image.png; path = select3.png; sourceTree = "<group>"; };
		8AE87DCE19B0D65C00EC93F0 /* ViewController_iPhone.xib */ = {isa = PBXFileReference; fileEncoding = 4; lastKnownFileType = file.xib; path = ViewController_iPhone.xib; sourceTree = "<group>"; };
		8AE87DCF19B0D65C00EC93F0 /* ViewController.h */ = {isa = PBXFileReference; fileEncoding = 4; lastKnownFileType = sourcecode.c.h; name = ViewController.h; path = Controllers/ViewController.h; sourceTree = "<group>"; };
		8AE87DD019B0D65C00EC93F0 /* ViewController.m */ = {isa = PBXFileReference; fileEncoding = 4; lastKnownFileType = sourcecode.c.objc; name = ViewController.m; path = Controllers/ViewController.m; sourceTree = "<group>"; };
		8AE87DDA19B0D6E900EC93F0 /* MapCustomizationViewController.h */ = {isa = PBXFileReference; fileEncoding = 4; lastKnownFileType = sourcecode.c.h; path = MapCustomizationViewController.h; sourceTree = "<group>"; };
		8AE87DDB19B0D6E900EC93F0 /* MapCustomizationViewController.m */ = {isa = PBXFileReference; fileEncoding = 4; lastKnownFileType = sourcecode.c.objc; path = MapCustomizationViewController.m; sourceTree = "<group>"; };
		8AFAD1F8199EDEE40058F64E /* searchButton.png */ = {isa = PBXFileReference; lastKnownFileType = image.png; path = searchButton.png; sourceTree = "<group>"; };
		8AFAD1FA199EE2AB0058F64E /* USAViewStateVC.h */ = {isa = PBXFileReference; fileEncoding = 4; lastKnownFileType = sourcecode.c.h; path = USAViewStateVC.h; sourceTree = "<group>"; };
		8AFAD1FB199EE2AB0058F64E /* USAViewStateVC.m */ = {isa = PBXFileReference; fileEncoding = 4; lastKnownFileType = sourcecode.c.objc; path = USAViewStateVC.m; sourceTree = "<group>"; };
		8AFAD1FD199EEC0E0058F64E /* back.png */ = {isa = PBXFileReference; lastKnownFileType = image.png; path = back.png; sourceTree = "<group>"; };
		8AFAD212199F18130058F64E /* DataStore.h */ = {isa = PBXFileReference; lastKnownFileType = sourcecode.c.h; name = DataStore.h; path = USA/DataStore.h; sourceTree = "<group>"; };
		8AFAD213199F18130058F64E /* DataStore.m */ = {isa = PBXFileReference; lastKnownFileType = sourcecode.c.objc; name = DataStore.m; path = USA/DataStore.m; sourceTree = "<group>"; };
		8AFAD214199F18130058F64E /* StateClass.h */ = {isa = PBXFileReference; lastKnownFileType = sourcecode.c.h; name = StateClass.h; path = USA/StateClass.h; sourceTree = "<group>"; };
		8AFAD215199F18130058F64E /* StateClass.m */ = {isa = PBXFileReference; lastKnownFileType = sourcecode.c.objc; name = StateClass.m; path = USA/StateClass.m; sourceTree = "<group>"; };
		8AFAD21A199F19020058F64E /* NSArray+RandomSort.h */ = {isa = PBXFileReference; fileEncoding = 4; lastKnownFileType = sourcecode.c.h; path = "NSArray+RandomSort.h"; sourceTree = "<group>"; };
		8AFAD21B199F19020058F64E /* NSArray+RandomSort.m */ = {isa = PBXFileReference; fileEncoding = 4; lastKnownFileType = sourcecode.c.objc; path = "NSArray+RandomSort.m"; sourceTree = "<group>"; };
		8AFAD21D199FA75B0058F64E /* USA States.plist */ = {isa = PBXFileReference; fileEncoding = 4; lastKnownFileType = text.plist.xml; name = "USA States.plist"; path = "NAModalSheet/USA States.plist"; sourceTree = "<group>"; };
		8AFAD220199FC9C00058F64E /* ImageViewController.h */ = {isa = PBXFileReference; fileEncoding = 4; lastKnownFileType = sourcecode.c.h; name = ImageViewController.h; path = ../Controllers/ImageViewController.h; sourceTree = "<group>"; };
		8AFAD221199FC9C00058F64E /* ImageViewController.m */ = {isa = PBXFileReference; fileEncoding = 4; lastKnownFileType = sourcecode.c.objc; name = ImageViewController.m; path = ../Controllers/ImageViewController.m; sourceTree = "<group>"; };
		8AFAD223199FCA120058F64E /* MDCParallaxView.h */ = {isa = PBXFileReference; fileEncoding = 4; lastKnownFileType = sourcecode.c.h; name = MDCParallaxView.h; path = ../Controllers/MDCParallaxView.h; sourceTree = "<group>"; };
		8AFAD224199FCA120058F64E /* MDCParallaxView.m */ = {isa = PBXFileReference; fileEncoding = 4; lastKnownFileType = sourcecode.c.objc; name = MDCParallaxView.m; path = ../Controllers/MDCParallaxView.m; sourceTree = "<group>"; };
		8AFAD228199FF5FC0058F64E /* MoreInfoWebVC.h */ = {isa = PBXFileReference; fileEncoding = 4; lastKnownFileType = sourcecode.c.h; path = MoreInfoWebVC.h; sourceTree = "<group>"; };
		8AFAD229199FF5FC0058F64E /* MoreInfoWebVC.m */ = {isa = PBXFileReference; fileEncoding = 4; lastKnownFileType = sourcecode.c.objc; path = MoreInfoWebVC.m; sourceTree = "<group>"; };
		8AFAD22B19A03EE30058F64E /* CoreText.framework */ = {isa = PBXFileReference; lastKnownFileType = wrapper.framework; name = CoreText.framework; path = System/Library/Frameworks/CoreText.framework; sourceTree = SDKROOT; };
		8AFAD24419A12FA00058F64E /* GamePlayVC.h */ = {isa = PBXFileReference; fileEncoding = 4; lastKnownFileType = sourcecode.c.h; path = GamePlayVC.h; sourceTree = "<group>"; };
		8AFAD24519A12FA10058F64E /* GamePlayVC.m */ = {isa = PBXFileReference; fileEncoding = 4; lastKnownFileType = sourcecode.c.objc; path = GamePlayVC.m; sourceTree = "<group>"; };
		8AFAD24719A1409F0058F64E /* StatesGameVC.h */ = {isa = PBXFileReference; fileEncoding = 4; lastKnownFileType = sourcecode.c.h; path = StatesGameVC.h; sourceTree = "<group>"; };
		8AFAD24819A1409F0058F64E /* StatesGameVC.m */ = {isa = PBXFileReference; fileEncoding = 4; lastKnownFileType = sourcecode.c.objc; path = StatesGameVC.m; sourceTree = "<group>"; };
		8AFAD24A19A231A10058F64E /* California.jpg */ = {isa = PBXFileReference; lastKnownFileType = image.jpeg; path = California.jpg; sourceTree = "<group>"; };
/* End PBXFileReference section */

/* Begin PBXFrameworksBuildPhase section */
		8A67035D19944771000037DF /* Frameworks */ = {
			isa = PBXFrameworksBuildPhase;
			buildActionMask = 2147483647;
			files = (
				8AE87DCA19B0BEC500EC93F0 /* CoreText.framework in Frameworks */,
				8A67036619944771000037DF /* CoreGraphics.framework in Frameworks */,
				8A67036819944771000037DF /* UIKit.framework in Frameworks */,
				8A67036419944771000037DF /* Foundation.framework in Frameworks */,
			);
			runOnlyForDeploymentPostprocessing = 0;
		};
		8A67037819944771000037DF /* Frameworks */ = {
			isa = PBXFrameworksBuildPhase;
			buildActionMask = 2147483647;
			files = (
				8A67037D19944771000037DF /* XCTest.framework in Frameworks */,
				8A67037F19944771000037DF /* UIKit.framework in Frameworks */,
				8A67037E19944771000037DF /* Foundation.framework in Frameworks */,
			);
			runOnlyForDeploymentPostprocessing = 0;
		};
/* End PBXFrameworksBuildPhase section */

/* Begin PBXGroup section */
		8A2218E819B3A6A000CD8118 /* USStatesColorMap */ = {
			isa = PBXGroup;
			children = (
				8A2218E919B3A6A000CD8118 /* stately.ttf */,
				8A2218EA19B3A6A000CD8118 /* USStatesColorMap.h */,
				8A2218EB19B3A6A000CD8118 /* USStatesColorMap.m */,
				8A2218EC19B3A6A000CD8118 /* USStatesColorMapHeader.h */,
			);
			path = USStatesColorMap;
			sourceTree = "<group>";
		};
		8A2218EF19B404E500CD8118 /* KLCPopup */ = {
			isa = PBXGroup;
			children = (
				8A2218F019B404E500CD8118 /* KLCPopup.h */,
				8A2218F119B404E500CD8118 /* KLCPopup.m */,
			);
			path = KLCPopup;
			sourceTree = "<group>";
		};
		8A2D004819B61A310035177C /* Dictionary & Array  */ = {
			isa = PBXGroup;
			children = (
				8AFAD21D199FA75B0058F64E /* USA States.plist */,
				8AFAD212199F18130058F64E /* DataStore.h */,
				8AFAD213199F18130058F64E /* DataStore.m */,
				8AFAD214199F18130058F64E /* StateClass.h */,
				8AFAD215199F18130058F64E /* StateClass.m */,
				8AFAD21A199F19020058F64E /* NSArray+RandomSort.h */,
				8AFAD21B199F19020058F64E /* NSArray+RandomSort.m */,
			);
			name = "Dictionary & Array ";
			sourceTree = "<group>";
		};
		8A2D004919B61A920035177C /* Score Pop Up */ = {
			isa = PBXGroup;
			children = (
				8A2D004A19B61ADE0035177C /* ScorePopUp.h */,
				8A2D004B19B61ADE0035177C /* ScorePopUp.m */,
				8A2D004F19B6225C0035177C /* ScorePopUp.xib */,
			);
			name = "Score Pop Up";
			sourceTree = "<group>";
		};
		8A5BB2D119AA312B00B0ABB3 /* Learn */ = {
			isa = PBXGroup;
			children = (
				8A354B17199EC23500A30CE0 /* USATBV.h */,
				8A354B18199EC23500A30CE0 /* USATBV.m */,
				8AFAD1FA199EE2AB0058F64E /* USAViewStateVC.h */,
				8AFAD1FB199EE2AB0058F64E /* USAViewStateVC.m */,
				8AFAD228199FF5FC0058F64E /* MoreInfoWebVC.h */,
				8AFAD229199FF5FC0058F64E /* MoreInfoWebVC.m */,
			);
			name = Learn;
			sourceTree = "<group>";
		};
		8A5BB2D219AA315D00B0ABB3 /* Play */ = {
			isa = PBXGroup;
			children = (
				8AFAD24419A12FA00058F64E /* GamePlayVC.h */,
				8AFAD24519A12FA10058F64E /* GamePlayVC.m */,
				8AFAD24719A1409F0058F64E /* StatesGameVC.h */,
				8AFAD24819A1409F0058F64E /* StatesGameVC.m */,
				8A5BB30019AB60D000B0ABB3 /* CapitalGame.h */,
				8A5BB30119AB60D000B0ABB3 /* CapitalGame.m */,
				8AE87DCF19B0D65C00EC93F0 /* ViewController.h */,
				8AE87DD019B0D65C00EC93F0 /* ViewController.m */,
				8AAE965119A7661A009090AA /* ScoreSummary.h */,
				8AAE965219A7661A009090AA /* ScoreSummary.m */,
			);
			name = Play;
			sourceTree = "<group>";
		};
		8A5BB2D319AA318800B0ABB3 /* MENU */ = {
			isa = PBXGroup;
			children = (
				8A670393199447C3000037DF /* USAimagesViewController.h */,
				8A670394199447C3000037DF /* USAimagesViewController.m */,
			);
			name = MENU;
			sourceTree = "<group>";
		};
		8A67035719944771000037DF = {
			isa = PBXGroup;
			children = (
				8AE0225619A41A71003BD003 /* swipe_button.png */,
				8AE0225819A4D07A003BD003 /* select.png */,
				8AE0225A19A4D40E003BD003 /* select2.png */,
				8AE0225C19A4DAA3003BD003 /* select3.png */,
				8A5BB2D619AA590B00B0ABB3 /* New York City.jpg */,
				8A3EAFB219ABA93C00551539 /* Wisconsin.jpg */,
				8A6703921994477E000037DF /* Controllers */,
				8AFAD227199FE0830058F64E /* Extras */,
			);
			sourceTree = "<group>";
		};
		8A67036119944771000037DF /* Products */ = {
			isa = PBXGroup;
			children = (
				8A67036019944771000037DF /* USA.app */,
				8A67037B19944771000037DF /* USATests.xctest */,
			);
			name = Products;
			sourceTree = "<group>";
		};
		8A67036219944771000037DF /* Frameworks */ = {
			isa = PBXGroup;
			children = (
				8AFAD22B19A03EE30058F64E /* CoreText.framework */,
				8A67036319944771000037DF /* Foundation.framework */,
				8A67036519944771000037DF /* CoreGraphics.framework */,
				8A67036719944771000037DF /* UIKit.framework */,
				8A67037C19944771000037DF /* XCTest.framework */,
			);
			name = Frameworks;
			sourceTree = "<group>";
		};
		8A67036919944771000037DF /* USA */ = {
			isa = PBXGroup;
			children = (
				8A67037219944771000037DF /* USAAppDelegate.h */,
				8A67037319944771000037DF /* USAAppDelegate.m */,
				8A67037519944771000037DF /* Images.xcassets */,
				8A67036A19944771000037DF /* Supporting Files */,
			);
			path = USA;
			sourceTree = "<group>";
		};
		8A67036A19944771000037DF /* Supporting Files */ = {
			isa = PBXGroup;
			children = (
				8A67036B19944771000037DF /* USA-Info.plist */,
				8A67036C19944771000037DF /* InfoPlist.strings */,
				8A67036F19944771000037DF /* main.m */,
				8A67037119944771000037DF /* USA-Prefix.pch */,
			);
			name = "Supporting Files";
			sourceTree = "<group>";
		};
		8A67038219944771000037DF /* USATests */ = {
			isa = PBXGroup;
			children = (
				8A67038819944771000037DF /* USATests.m */,
				8A67038319944771000037DF /* Supporting Files */,
			);
			path = USATests;
			sourceTree = "<group>";
		};
		8A67038319944771000037DF /* Supporting Files */ = {
			isa = PBXGroup;
			children = (
				8A67038519944771000037DF /* InfoPlist.strings */,
			);
			name = "Supporting Files";
			sourceTree = "<group>";
		};
		8A6703921994477E000037DF /* Controllers */ = {
			isa = PBXGroup;
			children = (
				8A5BB2D219AA315D00B0ABB3 /* Play */,
				8A5BB2D119AA312B00B0ABB3 /* Learn */,
				8A5BB2D319AA318800B0ABB3 /* MENU */,
			);
			name = Controllers;
			sourceTree = "<group>";
		};
		8AA73273199D9AE900E2B83E /* NAModalSheet */ = {
			isa = PBXGroup;
			children = (
				8AA73275199D9AE900E2B83E /* NAModalSheet.h */,
				8AA73276199D9AE900E2B83E /* NAModalSheet.m */,
				8AA73277199D9AE900E2B83E /* UIImage+BoxBlur.h */,
				8AA73278199D9AE900E2B83E /* UIImage+BoxBlur.m */,
				8AA73279199D9AE900E2B83E /* UIImage+screenshot.h */,
				8AA7327A199D9AE900E2B83E /* UIImage+screenshot.m */,
			);
			name = NAModalSheet;
			path = ../NAModalSheet;
			sourceTree = "<group>";
		};
		8AA73284199D9AFB00E2B83E /* City Pictures */ = {
			isa = PBXGroup;
			children = (
				8A2410B919AD0D7700A172C4 /* Maryland.jpg */,
				8A02876819ACFBF900829188 /* Connecticut.jpg */,
				8A3EAFCB19ABAB9400551539 /* Kentucky.jpg */,
				8A02877619AD07AF00829188 /* Iowa.jpg */,
				8A3EAFC719ABAAC100551539 /* Nevada.jpg */,
				8A02876A19ACFD3400829188 /* Delaware.jpg */,
				8A02877419AD068700829188 /* West Virginia.jpg */,
				8A02877219AD05CC00829188 /* Vermont.jpg */,
				8A3EAFBF19ABAA1600551539 /* South Carolina.jpg */,
				8A3EAFC519ABAAA800551539 /* Indiana.jpg */,
				8A3EAFCF19ABABFC00551539 /* Idaho.jpg */,
				8A3EAFB919ABA9BB00551539 /* Maine.jpg */,
				8A3EAFB419ABA96500551539 /* New Mexico.jpg */,
				8A02876219ACF91700829188 /* Minnesota.jpg */,
				8A02876C19ACFDD300829188 /* Virginia.jpg */,
				8A3EAFD519ABAD1100551539 /* Maine.jpg */,
				8A3EAFB619ABA97500551539 /* New Jersey.jpg */,
				8A3EAFCD19ABABF000551539 /* New Mexico.jpg */,
				8A5BB2FE19AADE9C00B0ABB3 /* Utah.jpg */,
				8A7E21C919AB793E001C16F9 /* Michigan.jpg */,
				8A5BB2F819AADC3A00B0ABB3 /* Mississippi.jpg */,
				8A5BB2F619AADBFC00B0ABB3 /* Pennsylvania.jpg */,
				8A3EAFDF19ABAF6800551539 /* Louisiana.jpg */,
				8A3EAFDB19ABAE4A00551539 /* Indiana.jpg */,
				8A5BB2F419AADB1300B0ABB3 /* Oregon.jpg */,
				8A02875C19ACE13200829188 /* Texas.jpg */,
				8A5BB2EA19AAD70E00B0ABB3 /* Texas2.jpg */,
				8A3EAFDD19ABAEA900551539 /* Nebraska.jpg */,
				8A5BB2FC19AADE1700B0ABB3 /* Oklahoma.jpg */,
				8A5BB2EE19AAD80800B0ABB3 /* South Dakota.jpg */,
				8A02875A19ACDFFF00829188 /* Tennessee.jpg */,
				8A3EAFD719ABAD5C00551539 /* Kansas.jpg */,
				8A5BB2E619AAD66C00B0ABB3 /* Alaska.jpg */,
				8A3EAFD919ABADD600551539 /* Arkansas.jpg */,
				8A5BB2F019AAD85500B0ABB3 /* Montana.jpg */,
				8A02875E19ACE48000829188 /* Connecticut.jpg */,
				8A3EAFD319ABACCD00551539 /* Missouri.jpg */,
				8A02876419ACFA2E00829188 /* Wyoming.jpg */,
				8A5BB2E419AAD62700B0ABB3 /* Alabama.jpg */,
				8A02876019ACE4E600829188 /* Mississippi.jpg */,
				8A02877019AD043200829188 /* New Hampshire.jpg */,
				8A02876619ACFB0700829188 /* Rhode Island.jpg */,
				8A02876E19AD021700829188 /* Washington.jpg */,
				8A5BB2EC19AAD7C400B0ABB3 /* North Dakota.jpg */,
				8A5BB2E219AAD5B900B0ABB3 /* Colorado.jpg */,
				8A5BB2E019AAA1DD00B0ABB3 /* Kentucky.jpg */,
				8A5BB2DE19AAA05F00B0ABB3 /* Wyoming2.jpg */,
				8A5BB2DC19AAA01500B0ABB3 /* Hawaii.jpg */,
				8A5BB2DA19AA9EFE00B0ABB3 /* North Carolina.jpg */,
				8A5BB2D419AA590B00B0ABB3 /* Massachusetts.jpg */,
				8A5BB2D519AA590B00B0ABB3 /* Arizona.jpg */,
				8AA73224199D376000E2B83E /* New York.jpg */,
				8AA73222199D339F00E2B83E /* Washington2.jpg */,
				8AA73228199D39B100E2B83E /* Illinois.jpg */,
				8A5BB2F219AAD87A00B0ABB3 /* Ohio.jpg */,
				8AA7326B199D415C00E2B83E /* Georgia.jpg */,
				8A9BCA8E19ACD26C00A6C316 /* California.jpg */,
				8A9BCA8F19ACD26C00A6C316 /* Florida.jpg */,
				8AFAD24A19A231A10058F64E /* California.jpg */,
				8AA73226199D392400E2B83E /* Florida.jpg */,
			);
			name = "City Pictures";
			path = ..;
			sourceTree = "<group>";
		};
		8AA7328D199E47FB00E2B83E /* icons */ = {
			isa = PBXGroup;
			children = (
				8AA73289199E3C1A00E2B83E /* close.png */,
				8AFAD1FD199EEC0E0058F64E /* back.png */,
				8AFAD1F8199EDEE40058F64E /* searchButton.png */,
				8AA73285199DB6CD00E2B83E /* search.png */,
				8AA7326F199D988B00E2B83E /* Data.png */,
				8AA73287199DBC7900E2B83E /* rate.png */,
				8AA73271199D98C800E2B83E /* Row.png */,
				8A354B15199E4AF900A30CE0 /* learn.png */,
				8AA7328E199E484E00E2B83E /* play.png */,
				8AA73290199E48FD00E2B83E /* settings.png */,
			);
			name = icons;
			path = ..;
			sourceTree = "<group>";
		};
		8AE87DCB19B0D5D100EC93F0 /* Menu Pop Up */ = {
			isa = PBXGroup;
			children = (
				8AA7327B199D9AE900E2B83E /* SampleSheetViewController.h */,
				8AA7327C199D9AE900E2B83E /* SampleSheetViewController.m */,
				8AA7327D199D9AE900E2B83E /* SampleSheetViewController.xib */,
			);
			name = "Menu Pop Up";
			path = ../NAModalSheet;
			sourceTree = "<group>";
		};
		8AE87DCC19B0D5E600EC93F0 /* Info Scroll Parallax */ = {
			isa = PBXGroup;
			children = (
				8AFAD223199FCA120058F64E /* MDCParallaxView.h */,
				8AFAD224199FCA120058F64E /* MDCParallaxView.m */,
				8AFAD220199FC9C00058F64E /* ImageViewController.h */,
				8AFAD221199FC9C00058F64E /* ImageViewController.m */,
			);
			name = "Info Scroll Parallax";
			path = ../NAModalSheet;
			sourceTree = "<group>";
		};
		8AE87DCD19B0D64B00EC93F0 /* Color MAP */ = {
			isa = PBXGroup;
			children = (
				8A2218E819B3A6A000CD8118 /* USStatesColorMap */,
				8AE87DCE19B0D65C00EC93F0 /* ViewController_iPhone.xib */,
				8AE87DDA19B0D6E900EC93F0 /* MapCustomizationViewController.h */,
				8AE87DDB19B0D6E900EC93F0 /* MapCustomizationViewController.m */,
			);
			name = "Color MAP";
			sourceTree = "<group>";
		};
		8AFAD21F199FC9C00058F64E /* Controller Extras */ = {
			isa = PBXGroup;
			children = (
				8A2D004919B61A920035177C /* Score Pop Up */,
				8A2218EF19B404E500CD8118 /* KLCPopup */,
				8AE87DCD19B0D64B00EC93F0 /* Color MAP */,
				8AA73273199D9AE900E2B83E /* NAModalSheet */,
				8AE87DCC19B0D5E600EC93F0 /* Info Scroll Parallax */,
				8AE87DCB19B0D5D100EC93F0 /* Menu Pop Up */,
			);
			name = "Controller Extras";
			path = Controllers;
			sourceTree = "<group>";
		};
		8AFAD226199FE0530058F64E /* Images */ = {
			isa = PBXGroup;
			children = (
				8AA7328D199E47FB00E2B83E /* icons */,
				8AA73284199D9AFB00E2B83E /* City Pictures */,
			);
			name = Images;
			path = Controllers;
			sourceTree = "<group>";
		};
		8AFAD227199FE0830058F64E /* Extras */ = {
			isa = PBXGroup;
			children = (
				8A2D004819B61A310035177C /* Dictionary & Array  */,
				8AFAD21F199FC9C00058F64E /* Controller Extras */,
				8AFAD226199FE0530058F64E /* Images */,
				8A67036919944771000037DF /* USA */,
				8A67038219944771000037DF /* USATests */,
				8A67036219944771000037DF /* Frameworks */,
				8A67036119944771000037DF /* Products */,
			);
			name = Extras;
			sourceTree = "<group>";
		};
/* End PBXGroup section */

/* Begin PBXNativeTarget section */
		8A67035F19944771000037DF /* USA */ = {
			isa = PBXNativeTarget;
			buildConfigurationList = 8A67038C19944771000037DF /* Build configuration list for PBXNativeTarget "USA" */;
			buildPhases = (
				8A67035C19944771000037DF /* Sources */,
				8A67035D19944771000037DF /* Frameworks */,
				8A67035E19944771000037DF /* Resources */,
			);
			buildRules = (
			);
			dependencies = (
			);
			name = USA;
			productName = USA;
			productReference = 8A67036019944771000037DF /* USA.app */;
			productType = "com.apple.product-type.application";
		};
		8A67037A19944771000037DF /* USATests */ = {
			isa = PBXNativeTarget;
			buildConfigurationList = 8A67038F19944771000037DF /* Build configuration list for PBXNativeTarget "USATests" */;
			buildPhases = (
				8A67037719944771000037DF /* Sources */,
				8A67037819944771000037DF /* Frameworks */,
				8A67037919944771000037DF /* Resources */,
			);
			buildRules = (
			);
			dependencies = (
				8A67038119944771000037DF /* PBXTargetDependency */,
			);
			name = USATests;
			productName = USATests;
			productReference = 8A67037B19944771000037DF /* USATests.xctest */;
			productType = "com.apple.product-type.bundle.unit-test";
		};
/* End PBXNativeTarget section */

/* Begin PBXProject section */
		8A67035819944771000037DF /* Project object */ = {
			isa = PBXProject;
			attributes = {
				CLASSPREFIX = USA;
				LastUpgradeCheck = 0510;
				ORGANIZATIONNAME = "Novus Mobile";
				TargetAttributes = {
					8A67035F19944771000037DF = {
						DevelopmentTeam = J2EY74W5G9;
					};
					8A67037A19944771000037DF = {
						TestTargetID = 8A67035F19944771000037DF;
					};
				};
			};
			buildConfigurationList = 8A67035B19944771000037DF /* Build configuration list for PBXProject "USA" */;
			compatibilityVersion = "Xcode 3.2";
			developmentRegion = English;
			hasScannedForEncodings = 0;
			knownRegions = (
				en,
			);
			mainGroup = 8A67035719944771000037DF;
			productRefGroup = 8A67036119944771000037DF /* Products */;
			projectDirPath = "";
			projectRoot = "";
			targets = (
				8A67035F19944771000037DF /* USA */,
				8A67037A19944771000037DF /* USATests */,
			);
		};
/* End PBXProject section */

/* Begin PBXResourcesBuildPhase section */
		8A67035E19944771000037DF /* Resources */ = {
			isa = PBXResourcesBuildPhase;
			buildActionMask = 2147483647;
			files = (
				8A3EAFB819ABA99700551539 /* New Mexico.jpg in Resources */,
				8A5BB2EB19AAD70E00B0ABB3 /* Texas2.jpg in Resources */,
				8A3EAFDE19ABAEA900551539 /* Nebraska.jpg in Resources */,
				8AA7328F199E484E00E2B83E /* play.png in Resources */,
				8A354B16199E4AF900A30CE0 /* learn.png in Resources */,
				8A3EAFDA19ABADD600551539 /* Arkansas.jpg in Resources */,
				8A5BB2E719AAD66C00B0ABB3 /* Alaska.jpg in Resources */,
				8A02876719ACFB0700829188 /* Rhode Island.jpg in Resources */,
				8AA73291199E48FD00E2B83E /* settings.png in Resources */,
				8A3EAFCE19ABABF000551539 /* New Mexico.jpg in Resources */,
				8A5BB2ED19AAD7C400B0ABB3 /* North Dakota.jpg in Resources */,
				8A5BB2F719AADBFC00B0ABB3 /* Pennsylvania.jpg in Resources */,
				8AFAD24B19A231A10058F64E /* California.jpg in Resources */,
				8A5BB2F119AAD85500B0ABB3 /* Montana.jpg in Resources */,
				8A02875D19ACE13200829188 /* Texas.jpg in Resources */,
				8A5BB2E519AAD62700B0ABB3 /* Alabama.jpg in Resources */,
				8A3EAFB319ABA93C00551539 /* Wisconsin.jpg in Resources */,
				8AFAD21E199FA75B0058F64E /* USA States.plist in Resources */,
				8AA7328A199E3C1A00E2B83E /* close.png in Resources */,
				8AA73286199DB6CD00E2B83E /* search.png in Resources */,
				8AA73270199D988B00E2B83E /* Data.png in Resources */,
				8A02876F19AD021700829188 /* Washington.jpg in Resources */,
				8A5BB2F519AADB1300B0ABB3 /* Oregon.jpg in Resources */,
				8A02877119AD043200829188 /* New Hampshire.jpg in Resources */,
				8A02876119ACE4E600829188 /* Mississippi.jpg in Resources */,
				8A3EAFD419ABACCD00551539 /* Missouri.jpg in Resources */,
				8AE0225D19A4DAA3003BD003 /* select3.png in Resources */,
				8A5BB2DD19AAA01500B0ABB3 /* Hawaii.jpg in Resources */,
				8A9BCA9119ACD26C00A6C316 /* Florida.jpg in Resources */,
				8AE87DD119B0D65C00EC93F0 /* ViewController_iPhone.xib in Resources */,
				8AA73283199D9AE900E2B83E /* SampleSheetViewController.xib in Resources */,
				8AFAD1F9199EDEE40058F64E /* searchButton.png in Resources */,
				8A5BB2E319AAD5B900B0ABB3 /* Colorado.jpg in Resources */,
				8A5BB2D719AA590B00B0ABB3 /* Massachusetts.jpg in Resources */,
				8AA7326C199D415C00E2B83E /* Georgia.jpg in Resources */,
				8A02876D19ACFDD300829188 /* Virginia.jpg in Resources */,
				8AE0225919A4D07A003BD003 /* select.png in Resources */,
				8AA73225199D376000E2B83E /* New York.jpg in Resources */,
				8AA73272199D98C800E2B83E /* Row.png in Resources */,
				8A02877719AD07AF00829188 /* Iowa.jpg in Resources */,
				8AA73223199D339F00E2B83E /* Washington2.jpg in Resources */,
				8A02875B19ACDFFF00829188 /* Tennessee.jpg in Resources */,
				8A5BB2FF19AADE9C00B0ABB3 /* Utah.jpg in Resources */,
				8A5BB2F319AAD87A00B0ABB3 /* Ohio.jpg in Resources */,
				8AA73227199D392400E2B83E /* Florida.jpg in Resources */,
				8A3EAFD019ABABFC00551539 /* Idaho.jpg in Resources */,
				8A2D005019B6225C0035177C /* ScorePopUp.xib in Resources */,
				8A3EAFB719ABA97500551539 /* New Jersey.jpg in Resources */,
				8AA73288199DBC7900E2B83E /* rate.png in Resources */,
				8A02876319ACF91700829188 /* Minnesota.jpg in Resources */,
				8A02876B19ACFD3400829188 /* Delaware.jpg in Resources */,
				8A5BB2DB19AA9EFE00B0ABB3 /* North Carolina.jpg in Resources */,
				8AE0225B19A4D40E003BD003 /* select2.png in Resources */,
				8A5BB2E119AAA1DD00B0ABB3 /* Kentucky.jpg in Resources */,
				8A2218ED19B3A6A100CD8118 /* stately.ttf in Resources */,
				8A3EAFD819ABAD5C00551539 /* Kansas.jpg in Resources */,
				8AFAD1FE199EEC0E0058F64E /* back.png in Resources */,
				8A67036E19944771000037DF /* InfoPlist.strings in Resources */,
				8A02876519ACFA2E00829188 /* Wyoming.jpg in Resources */,
				8A5BB2EF19AAD80800B0ABB3 /* South Dakota.jpg in Resources */,
				8A3EAFC819ABAAC100551539 /* Nevada.jpg in Resources */,
				8A3EAFC619ABAAA800551539 /* Indiana.jpg in Resources */,
				8A5BB2FD19AADE1700B0ABB3 /* Oklahoma.jpg in Resources */,
				8A5BB2D819AA590B00B0ABB3 /* Arizona.jpg in Resources */,
				8A3EAFCC19ABAB9400551539 /* Kentucky.jpg in Resources */,
				8A5BB2F919AADC3A00B0ABB3 /* Mississippi.jpg in Resources */,
				8A02875F19ACE48000829188 /* Connecticut.jpg in Resources */,
				8A9BCA9019ACD26C00A6C316 /* California.jpg in Resources */,
				8A5BB2D919AA590B00B0ABB3 /* New York City.jpg in Resources */,
				8AA73229199D39B100E2B83E /* Illinois.jpg in Resources */,
				8A3EAFBA19ABA9BB00551539 /* Maine.jpg in Resources */,
				8A02877519AD068700829188 /* West Virginia.jpg in Resources */,
				8A02876919ACFBF900829188 /* Connecticut.jpg in Resources */,
				8A02877319AD05CC00829188 /* Vermont.jpg in Resources */,
				8A5BB2DF19AAA05F00B0ABB3 /* Wyoming2.jpg in Resources */,
				8A7E21CA19AB793E001C16F9 /* Michigan.jpg in Resources */,
				8A3EAFDC19ABAE4A00551539 /* Indiana.jpg in Resources */,
				8AE0225719A41A71003BD003 /* swipe_button.png in Resources */,
				8A3EAFC019ABAA1600551539 /* South Carolina.jpg in Resources */,
				8A67037619944771000037DF /* Images.xcassets in Resources */,
				8A3EAFD619ABAD1100551539 /* Maine.jpg in Resources */,
				8A2410BA19AD0D7700A172C4 /* Maryland.jpg in Resources */,
				8A3EAFE019ABAF6800551539 /* Louisiana.jpg in Resources */,
			);
			runOnlyForDeploymentPostprocessing = 0;
		};
		8A67037919944771000037DF /* Resources */ = {
			isa = PBXResourcesBuildPhase;
			buildActionMask = 2147483647;
			files = (
				8A67038719944771000037DF /* InfoPlist.strings in Resources */,
			);
			runOnlyForDeploymentPostprocessing = 0;
		};
/* End PBXResourcesBuildPhase section */

/* Begin PBXSourcesBuildPhase section */
		8A67035C19944771000037DF /* Sources */ = {
			isa = PBXSourcesBuildPhase;
			buildActionMask = 2147483647;
			files = (
				8AAE965319A7661A009090AA /* ScoreSummary.m in Sources */,
				8AFAD225199FCA120058F64E /* MDCParallaxView.m in Sources */,
				8AFAD222199FC9C00058F64E /* ImageViewController.m in Sources */,
				8AFAD216199F18130058F64E /* DataStore.h in Sources */,
				8AE87DDC19B0D6E900EC93F0 /* MapCustomizationViewController.m in Sources */,
				8AFAD217199F18130058F64E /* DataStore.m in Sources */,
				8AFAD218199F18130058F64E /* StateClass.h in Sources */,
				8AFAD219199F18130058F64E /* StateClass.m in Sources */,
				8A5BB30219AB60D000B0ABB3 /* CapitalGame.m in Sources */,
				8A354B19199EC23500A30CE0 /* USATBV.m in Sources */,
				8AFAD24919A1409F0058F64E /* StatesGameVC.m in Sources */,
				8A2218F219B404E500CD8118 /* KLCPopup.m in Sources */,
				8AA73282199D9AE900E2B83E /* SampleSheetViewController.m in Sources */,
				8A670395199447C3000037DF /* USAimagesViewController.m in Sources */,
				8AA73281199D9AE900E2B83E /* UIImage+screenshot.m in Sources */,
				8AFAD1FC199EE2AB0058F64E /* USAViewStateVC.m in Sources */,
				8AFAD24619A12FA10058F64E /* GamePlayVC.m in Sources */,
				8A67037419944771000037DF /* USAAppDelegate.m in Sources */,
				8AA7327F199D9AE900E2B83E /* NAModalSheet.m in Sources */,
				8AFAD21C199F19020058F64E /* NSArray+RandomSort.m in Sources */,
				8A2218EE19B3A6A100CD8118 /* USStatesColorMap.m in Sources */,
				8AFAD22A199FF5FC0058F64E /* MoreInfoWebVC.m in Sources */,
				8AE87DD219B0D65C00EC93F0 /* ViewController.m in Sources */,
				8A2D004C19B61ADE0035177C /* ScorePopUp.m in Sources */,
				8AA73280199D9AE900E2B83E /* UIImage+BoxBlur.m in Sources */,
				8A67037019944771000037DF /* main.m in Sources */,
			);
			runOnlyForDeploymentPostprocessing = 0;
		};
		8A67037719944771000037DF /* Sources */ = {
			isa = PBXSourcesBuildPhase;
			buildActionMask = 2147483647;
			files = (
				8A67038919944771000037DF /* USATests.m in Sources */,
			);
			runOnlyForDeploymentPostprocessing = 0;
		};
/* End PBXSourcesBuildPhase section */

/* Begin PBXTargetDependency section */
		8A67038119944771000037DF /* PBXTargetDependency */ = {
			isa = PBXTargetDependency;
			target = 8A67035F19944771000037DF /* USA */;
			targetProxy = 8A67038019944771000037DF /* PBXContainerItemProxy */;
		};
/* End PBXTargetDependency section */

/* Begin PBXVariantGroup section */
		8A67036C19944771000037DF /* InfoPlist.strings */ = {
			isa = PBXVariantGroup;
			children = (
				8A67036D19944771000037DF /* en */,
			);
			name = InfoPlist.strings;
			sourceTree = "<group>";
		};
		8A67038519944771000037DF /* InfoPlist.strings */ = {
			isa = PBXVariantGroup;
			children = (
				8A67038619944771000037DF /* en */,
			);
			name = InfoPlist.strings;
			sourceTree = "<group>";
		};
/* End PBXVariantGroup section */

/* Begin XCBuildConfiguration section */
		8A67038A19944771000037DF /* Debug */ = {
			isa = XCBuildConfiguration;
			buildSettings = {
				ALWAYS_SEARCH_USER_PATHS = NO;
				CLANG_CXX_LANGUAGE_STANDARD = "gnu++0x";
				CLANG_CXX_LIBRARY = "libc++";
				CLANG_ENABLE_MODULES = YES;
				CLANG_ENABLE_OBJC_ARC = YES;
				CLANG_WARN_BOOL_CONVERSION = YES;
				CLANG_WARN_CONSTANT_CONVERSION = YES;
				CLANG_WARN_DIRECT_OBJC_ISA_USAGE = YES_ERROR;
				CLANG_WARN_EMPTY_BODY = YES;
				CLANG_WARN_ENUM_CONVERSION = YES;
				CLANG_WARN_INT_CONVERSION = YES;
				CLANG_WARN_OBJC_ROOT_CLASS = YES_ERROR;
				CLANG_WARN__DUPLICATE_METHOD_MATCH = YES;
				"CODE_SIGN_IDENTITY[sdk=iphoneos*]" = "iPhone Developer";
				COPY_PHASE_STRIP = NO;
				GCC_C_LANGUAGE_STANDARD = gnu99;
				GCC_DYNAMIC_NO_PIC = NO;
				GCC_OPTIMIZATION_LEVEL = 0;
				GCC_PREPROCESSOR_DEFINITIONS = (
					"DEBUG=1",
					"$(inherited)",
				);
				GCC_SYMBOLS_PRIVATE_EXTERN = NO;
				GCC_WARN_64_TO_32_BIT_CONVERSION = YES;
				GCC_WARN_ABOUT_RETURN_TYPE = YES_ERROR;
				GCC_WARN_UNDECLARED_SELECTOR = YES;
				GCC_WARN_UNINITIALIZED_AUTOS = YES_AGGRESSIVE;
				GCC_WARN_UNUSED_FUNCTION = YES;
				GCC_WARN_UNUSED_VARIABLE = YES;
				IPHONEOS_DEPLOYMENT_TARGET = 7.1;
				ONLY_ACTIVE_ARCH = YES;
				SDKROOT = iphoneos;
			};
			name = Debug;
		};
		8A67038B19944771000037DF /* Release */ = {
			isa = XCBuildConfiguration;
			buildSettings = {
				ALWAYS_SEARCH_USER_PATHS = NO;
				CLANG_CXX_LANGUAGE_STANDARD = "gnu++0x";
				CLANG_CXX_LIBRARY = "libc++";
				CLANG_ENABLE_MODULES = YES;
				CLANG_ENABLE_OBJC_ARC = YES;
				CLANG_WARN_BOOL_CONVERSION = YES;
				CLANG_WARN_CONSTANT_CONVERSION = YES;
				CLANG_WARN_DIRECT_OBJC_ISA_USAGE = YES_ERROR;
				CLANG_WARN_EMPTY_BODY = YES;
				CLANG_WARN_ENUM_CONVERSION = YES;
				CLANG_WARN_INT_CONVERSION = YES;
				CLANG_WARN_OBJC_ROOT_CLASS = YES_ERROR;
				CLANG_WARN__DUPLICATE_METHOD_MATCH = YES;
				"CODE_SIGN_IDENTITY[sdk=iphoneos*]" = "iPhone Developer";
				COPY_PHASE_STRIP = YES;
				ENABLE_NS_ASSERTIONS = NO;
				GCC_C_LANGUAGE_STANDARD = gnu99;
				GCC_WARN_64_TO_32_BIT_CONVERSION = YES;
				GCC_WARN_ABOUT_RETURN_TYPE = YES_ERROR;
				GCC_WARN_UNDECLARED_SELECTOR = YES;
				GCC_WARN_UNINITIALIZED_AUTOS = YES_AGGRESSIVE;
				GCC_WARN_UNUSED_FUNCTION = YES;
				GCC_WARN_UNUSED_VARIABLE = YES;
				IPHONEOS_DEPLOYMENT_TARGET = 7.1;
				SDKROOT = iphoneos;
				VALIDATE_PRODUCT = YES;
			};
			name = Release;
		};
		8A67038D19944771000037DF /* Debug */ = {
			isa = XCBuildConfiguration;
			buildSettings = {
				ASSETCATALOG_COMPILER_APPICON_NAME = AppIcon;
				ASSETCATALOG_COMPILER_LAUNCHIMAGE_NAME = LaunchImage;
				CODE_SIGN_IDENTITY = "iPhone Developer";
				"CODE_SIGN_IDENTITY[sdk=iphoneos*]" = "iPhone Developer";
				GCC_PRECOMPILE_PREFIX_HEADER = YES;
				GCC_PREFIX_HEADER = "USA/USA-Prefix.pch";
				INFOPLIST_FILE = "USA/USA-Info.plist";
				IPHONEOS_DEPLOYMENT_TARGET = 8.0;
				PRODUCT_NAME = "$(TARGET_NAME)";
				PROVISIONING_PROFILE = "";
				WRAPPER_EXTENSION = app;
			};
			name = Debug;
		};
		8A67038E19944771000037DF /* Release */ = {
			isa = XCBuildConfiguration;
			buildSettings = {
				ASSETCATALOG_COMPILER_APPICON_NAME = AppIcon;
				ASSETCATALOG_COMPILER_LAUNCHIMAGE_NAME = LaunchImage;
				CODE_SIGN_IDENTITY = "iPhone Developer";
				"CODE_SIGN_IDENTITY[sdk=iphoneos*]" = "iPhone Developer";
				GCC_PRECOMPILE_PREFIX_HEADER = YES;
				GCC_PREFIX_HEADER = "USA/USA-Prefix.pch";
				INFOPLIST_FILE = "USA/USA-Info.plist";
				IPHONEOS_DEPLOYMENT_TARGET = 8.0;
				PRODUCT_NAME = "$(TARGET_NAME)";
				PROVISIONING_PROFILE = "";
				WRAPPER_EXTENSION = app;
			};
			name = Release;
		};
		8A67039019944771000037DF /* Debug */ = {
			isa = XCBuildConfiguration;
			buildSettings = {
				BUNDLE_LOADER = "$(BUILT_PRODUCTS_DIR)/USA.app/USA";
				FRAMEWORK_SEARCH_PATHS = (
					"$(SDKROOT)/Developer/Library/Frameworks",
					"$(inherited)",
					"$(DEVELOPER_FRAMEWORKS_DIR)",
				);
				GCC_PRECOMPILE_PREFIX_HEADER = YES;
				GCC_PREFIX_HEADER = "USA/USA-Prefix.pch";
				GCC_PREPROCESSOR_DEFINITIONS = (
					"DEBUG=1",
					"$(inherited)",
				);
				INFOPLIST_FILE = "USATests/USATests-Info.plist";
				PRODUCT_NAME = "$(TARGET_NAME)";
				TEST_HOST = "$(BUNDLE_LOADER)";
				WRAPPER_EXTENSION = xctest;
			};
			name = Debug;
		};
		8A67039119944771000037DF /* Release */ = {
			isa = XCBuildConfiguration;
			buildSettings = {
				BUNDLE_LOADER = "$(BUILT_PRODUCTS_DIR)/USA.app/USA";
				FRAMEWORK_SEARCH_PATHS = (
					"$(SDKROOT)/Developer/Library/Frameworks",
					"$(inherited)",
					"$(DEVELOPER_FRAMEWORKS_DIR)",
				);
				GCC_PRECOMPILE_PREFIX_HEADER = YES;
				GCC_PREFIX_HEADER = "USA/USA-Prefix.pch";
				INFOPLIST_FILE = "USATests/USATests-Info.plist";
				PRODUCT_NAME = "$(TARGET_NAME)";
				TEST_HOST = "$(BUNDLE_LOADER)";
				WRAPPER_EXTENSION = xctest;
			};
			name = Release;
		};
/* End XCBuildConfiguration section */

/* Begin XCConfigurationList section */
		8A67035B19944771000037DF /* Build configuration list for PBXProject "USA" */ = {
			isa = XCConfigurationList;
			buildConfigurations = (
				8A67038A19944771000037DF /* Debug */,
				8A67038B19944771000037DF /* Release */,
			);
			defaultConfigurationIsVisible = 0;
			defaultConfigurationName = Release;
		};
		8A67038C19944771000037DF /* Build configuration list for PBXNativeTarget "USA" */ = {
			isa = XCConfigurationList;
			buildConfigurations = (
				8A67038D19944771000037DF /* Debug */,
				8A67038E19944771000037DF /* Release */,
			);
			defaultConfigurationIsVisible = 0;
			defaultConfigurationName = Release;
		};
		8A67038F19944771000037DF /* Build configuration list for PBXNativeTarget "USATests" */ = {
			isa = XCConfigurationList;
			buildConfigurations = (
				8A67039019944771000037DF /* Debug */,
				8A67039119944771000037DF /* Release */,
			);
			defaultConfigurationIsVisible = 0;
			defaultConfigurationName = Release;
		};
/* End XCConfigurationList section */
	};
	rootObject = 8A67035819944771000037DF /* Project object */;
}
